
Microsoft Visual Studio Solution File, Format Version 12.00
# Visual Studio Version 17
VisualStudioVersion = 17.10.35122.118
MinimumVisualStudioVersion = 10.0.40219.1
Project("{54A90642-561A-4BB1-A94E-469ADEE60C69}") = "MIGRATED_PROJECT", "..\DataWise.Client\MIGRATED_PROJECT.esproj", "{14946BF0-2EF4-446A-87AF-5023DF51CAE1}"
EndProject
Global
	GlobalSection(SolutionConfigurationPlatforms) = preSolution
		Debug|Any CPU = Debug|Any CPU
		Release|Any CPU = Release|Any CPU
	EndGlobalSection
	GlobalSection(ProjectConfigurationPlatforms) = postSolution
		{14946BF0-2EF4-446A-87AF-5023DF51CAE1}.Debug|Any CPU.ActiveCfg = Debug|Any CPU
		{14946BF0-2EF4-446A-87AF-5023DF51CAE1}.Debug|Any CPU.Build.0 = Debug|Any CPU
		{14946BF0-2EF4-446A-87AF-5023DF51CAE1}.Debug|Any CPU.Deploy.0 = Debug|Any CPU
		{14946BF0-2EF4-446A-87AF-5023DF51CAE1}.Release|Any CPU.ActiveCfg = Release|Any CPU
		{14946BF0-2EF4-446A-87AF-5023DF51CAE1}.Release|Any CPU.Build.0 = Release|Any CPU
		{14946BF0-2EF4-446A-87AF-5023DF51CAE1}.Release|Any CPU.Deploy.0 = Release|Any CPU
	EndGlobalSection
	GlobalSection(SolutionProperties) = preSolution
		HideSolutionNode = FALSE
	EndGlobalSection
	GlobalSection(ExtensibilityGlobals) = postSolution
		SolutionGuid = {FEDD45EC-2E3B-4E20-9EC9-0A6B86799B75}
	EndGlobalSection
EndGlobal
